
Microsoft Visual Studio Solution File, Format Version 12.00
# Visual Studio Version 17
VisualStudioVersion = 17.0.31912.275
MinimumVisualStudioVersion = 10.0.40219.1
Project("{FAE04EC0-301F-11D3-BF4B-00C04F79EFBC}") = "pr 11 teselko 01.01", "pr 11 teselko 01.01\pr 11 teselko 01.01.csproj", "{CC52C75F-96F2-4321-A041-CF9AFCADA155}"
EndProject
Global
	GlobalSection(SolutionConfigurationPlatforms) = preSolution
		Debug|Any CPU = Debug|Any CPU
		Release|Any CPU = Release|Any CPU
	EndGlobalSection
	GlobalSection(ProjectConfigurationPlatforms) = postSolution
		{CC52C75F-96F2-4321-A041-CF9AFCADA155}.Debug|Any CPU.ActiveCfg = Debug|Any CPU
		{CC52C75F-96F2-4321-A041-CF9AFCADA155}.Debug|Any CPU.Build.0 = Debug|Any CPU
		{CC52C75F-96F2-4321-A041-CF9AFCADA155}.Release|Any CPU.ActiveCfg = Release|Any CPU
		{CC52C75F-96F2-4321-A041-CF9AFCADA155}.Release|Any CPU.Build.0 = Release|Any CPU
	EndGlobalSection
	GlobalSection(SolutionProperties) = preSolution
		HideSolutionNode = FALSE
	EndGlobalSection
	GlobalSection(ExtensibilityGlobals) = postSolution
		SolutionGuid = {B3617FF6-29C5-4F08-9320-2366B08F187D}
	EndGlobalSection
EndGlobal
